
Microsoft Visual Studio Solution File, Format Version 12.00
# Visual Studio Version 17
VisualStudioVersion = 17.9.34622.214
MinimumVisualStudioVersion = 10.0.40219.1
Project("{FAE04EC0-301F-11D3-BF4B-00C04F79EFBC}") = "Blog", "Blog.csproj", "{0F37CE6C-ED5F-4D23-9BE0-01BC5344DEBD}"
EndProject
Global
	GlobalSection(SolutionConfigurationPlatforms) = preSolution
		Debug|Any CPU = Debug|Any CPU
		Release|Any CPU = Release|Any CPU
	EndGlobalSection
	GlobalSection(ProjectConfigurationPlatforms) = postSolution
		{0F37CE6C-ED5F-4D23-9BE0-01BC5344DEBD}.Debug|Any CPU.ActiveCfg = Debug|Any CPU
		{0F37CE6C-ED5F-4D23-9BE0-01BC5344DEBD}.Debug|Any CPU.Build.0 = Debug|Any CPU
		{0F37CE6C-ED5F-4D23-9BE0-01BC5344DEBD}.Release|Any CPU.ActiveCfg = Release|Any CPU
		{0F37CE6C-ED5F-4D23-9BE0-01BC5344DEBD}.Release|Any CPU.Build.0 = Release|Any CPU
	EndGlobalSection
	GlobalSection(SolutionProperties) = preSolution
		HideSolutionNode = FALSE
	EndGlobalSection
	GlobalSection(ExtensibilityGlobals) = postSolution
		SolutionGuid = {BDF793F8-8AF4-44B3-956A-B6457E428539}
	EndGlobalSection
EndGlobal
